
Microsoft Visual Studio Solution File, Format Version 12.00
# Visual Studio Version 17
VisualStudioVersion = 17.7.34031.279
MinimumVisualStudioVersion = 10.0.40219.1
Project("{FAE04EC0-301F-11D3-BF4B-00C04F79EFBC}") = "WebSocketGraphql", "WebSocketGraphql\WebSocketGraphql.csproj", "{F300D5E9-785B-436A-B835-50FC75A90E34}"
EndProject
Global
	GlobalSection(SolutionConfigurationPlatforms) = preSolution
		Debug|Any CPU = Debug|Any CPU
		Release|Any CPU = Release|Any CPU
	EndGlobalSection
	GlobalSection(ProjectConfigurationPlatforms) = postSolution
		{F300D5E9-785B-436A-B835-50FC75A90E34}.Debug|Any CPU.ActiveCfg = Debug|Any CPU
		{F300D5E9-785B-436A-B835-50FC75A90E34}.Debug|Any CPU.Build.0 = Debug|Any CPU
		{F300D5E9-785B-436A-B835-50FC75A90E34}.Release|Any CPU.ActiveCfg = Release|Any CPU
		{F300D5E9-785B-436A-B835-50FC75A90E34}.Release|Any CPU.Build.0 = Release|Any CPU
	EndGlobalSection
	GlobalSection(SolutionProperties) = preSolution
		HideSolutionNode = FALSE
	EndGlobalSection
	GlobalSection(ExtensibilityGlobals) = postSolution
		SolutionGuid = {1AD68A94-A97C-4A26-A75D-E8A7817ED3B4}
	EndGlobalSection
EndGlobal
